{
  "requires": true,
  "lockfileVersion": 1,
  "dependencies": {
    "@handlebars/allow-prototype-access": {
      "version": "1.0.3",
      "resolved": "https://registry.npmjs.org/@handlebars/allow-prototype-access/-/allow-prototype-access-1.0.3.tgz",
      "integrity": "sha512-UjIJnXYirTtSuRAC/3Sq+2XCRd3+JBW5+wQVu7cRCXisvEj/u/913QKH3D5+YVyJkz6cAyD70sQkaL5zvXql5Q=="
    }
  }
}
